
Microsoft Visual Studio Solution File, Format Version 12.00
# Visual Studio Version 17
VisualStudioVersion = 17.5.33516.290
MinimumVisualStudioVersion = 10.0.40219.1
Project("{FAE04EC0-301F-11D3-BF4B-00C04F79EFBC}") = "BusinessLogic", "..\BusinessLogic\BusinessLogic.csproj", "{5807FDC2-139E-4AD2-97D6-0EE8DFCABB8F}"
EndProject
Project("{FAE04EC0-301F-11D3-BF4B-00C04F79EFBC}") = "BusinessLogic_Tests", "..\BusinessLogic_Tests\BusinessLogic_Tests.csproj", "{B6C02D8B-D361-4254-A098-659B80E9C9B0}"
EndProject
Project("{FAE04EC0-301F-11D3-BF4B-00C04F79EFBC}") = "UI", "..\UI\UI.csproj", "{9E1E9473-EAC0-4572-BAEB-F5C74A62F5A4}"
EndProject
Project("{FAE04EC0-301F-11D3-BF4B-00C04F79EFBC}") = "Services", "..\Services\Services.csproj", "{036D7A65-09F5-408F-A99D-765125DF08A2}"
EndProject
Project("{FAE04EC0-301F-11D3-BF4B-00C04F79EFBC}") = "DataTransferObjects", "DataTransferObjects\DataTransferObjects.csproj", "{AB995188-C650-4026-83C9-87CB778C9D89}"
EndProject
Project("{FAE04EC0-301F-11D3-BF4B-00C04F79EFBC}") = "Repositories", "Repositories\Repositories.csproj", "{7A7BE452-B92A-4AA7-BB88-3167E526A453}"
EndProject
Project("{FAE04EC0-301F-11D3-BF4B-00C04F79EFBC}") = "Controllers", "..\Controllers\Controllers.csproj", "{373A8444-9ABA-4360-A411-884816F6F2DC}"
EndProject
Project("{FAE04EC0-301F-11D3-BF4B-00C04F79EFBC}") = "DataAccess", "..\DataAccess\DataAccess.csproj", "{9950622B-D4C8-4B45-9A69-7FBC73807093}"
EndProject
Project("{FAE04EC0-301F-11D3-BF4B-00C04F79EFBC}") = "EntityFrameworkTests", "..\EntityFrameworkTests\EntityFrameworkTests.csproj", "{433FEE88-F828-47AD-8EEE-6A311F1BA911}"
EndProject
Project("{FAE04EC0-301F-11D3-BF4B-00C04F79EFBC}") = "RepoInterfaces", "..\RepoInterfaces\RepoInterfaces.csproj", "{8BCECB32-1033-4D47-B60B-16FED3C4091A}"
EndProject
Global
	GlobalSection(SolutionConfigurationPlatforms) = preSolution
		Debug|Any CPU = Debug|Any CPU
		Release|Any CPU = Release|Any CPU
	EndGlobalSection
	GlobalSection(ProjectConfigurationPlatforms) = postSolution
		{5807FDC2-139E-4AD2-97D6-0EE8DFCABB8F}.Debug|Any CPU.ActiveCfg = Debug|Any CPU
		{5807FDC2-139E-4AD2-97D6-0EE8DFCABB8F}.Debug|Any CPU.Build.0 = Debug|Any CPU
		{5807FDC2-139E-4AD2-97D6-0EE8DFCABB8F}.Release|Any CPU.ActiveCfg = Release|Any CPU
		{5807FDC2-139E-4AD2-97D6-0EE8DFCABB8F}.Release|Any CPU.Build.0 = Release|Any CPU
		{B6C02D8B-D361-4254-A098-659B80E9C9B0}.Debug|Any CPU.ActiveCfg = Debug|Any CPU
		{B6C02D8B-D361-4254-A098-659B80E9C9B0}.Debug|Any CPU.Build.0 = Debug|Any CPU
		{B6C02D8B-D361-4254-A098-659B80E9C9B0}.Release|Any CPU.ActiveCfg = Release|Any CPU
		{B6C02D8B-D361-4254-A098-659B80E9C9B0}.Release|Any CPU.Build.0 = Release|Any CPU
		{9E1E9473-EAC0-4572-BAEB-F5C74A62F5A4}.Debug|Any CPU.ActiveCfg = Debug|Any CPU
		{9E1E9473-EAC0-4572-BAEB-F5C74A62F5A4}.Debug|Any CPU.Build.0 = Debug|Any CPU
		{9E1E9473-EAC0-4572-BAEB-F5C74A62F5A4}.Release|Any CPU.ActiveCfg = Release|Any CPU
		{9E1E9473-EAC0-4572-BAEB-F5C74A62F5A4}.Release|Any CPU.Build.0 = Release|Any CPU
		{036D7A65-09F5-408F-A99D-765125DF08A2}.Debug|Any CPU.ActiveCfg = Debug|Any CPU
		{036D7A65-09F5-408F-A99D-765125DF08A2}.Debug|Any CPU.Build.0 = Debug|Any CPU
		{036D7A65-09F5-408F-A99D-765125DF08A2}.Release|Any CPU.ActiveCfg = Release|Any CPU
		{036D7A65-09F5-408F-A99D-765125DF08A2}.Release|Any CPU.Build.0 = Release|Any CPU
		{AB995188-C650-4026-83C9-87CB778C9D89}.Debug|Any CPU.ActiveCfg = Debug|Any CPU
		{AB995188-C650-4026-83C9-87CB778C9D89}.Debug|Any CPU.Build.0 = Debug|Any CPU
		{AB995188-C650-4026-83C9-87CB778C9D89}.Release|Any CPU.ActiveCfg = Release|Any CPU
		{AB995188-C650-4026-83C9-87CB778C9D89}.Release|Any CPU.Build.0 = Release|Any CPU
		{7A7BE452-B92A-4AA7-BB88-3167E526A453}.Debug|Any CPU.ActiveCfg = Debug|Any CPU
		{7A7BE452-B92A-4AA7-BB88-3167E526A453}.Debug|Any CPU.Build.0 = Debug|Any CPU
		{7A7BE452-B92A-4AA7-BB88-3167E526A453}.Release|Any CPU.ActiveCfg = Release|Any CPU
		{7A7BE452-B92A-4AA7-BB88-3167E526A453}.Release|Any CPU.Build.0 = Release|Any CPU
		{373A8444-9ABA-4360-A411-884816F6F2DC}.Debug|Any CPU.ActiveCfg = Debug|Any CPU
		{373A8444-9ABA-4360-A411-884816F6F2DC}.Debug|Any CPU.Build.0 = Debug|Any CPU
		{373A8444-9ABA-4360-A411-884816F6F2DC}.Release|Any CPU.ActiveCfg = Release|Any CPU
		{373A8444-9ABA-4360-A411-884816F6F2DC}.Release|Any CPU.Build.0 = Release|Any CPU
		{9950622B-D4C8-4B45-9A69-7FBC73807093}.Debug|Any CPU.ActiveCfg = Debug|Any CPU
		{9950622B-D4C8-4B45-9A69-7FBC73807093}.Debug|Any CPU.Build.0 = Debug|Any CPU
		{9950622B-D4C8-4B45-9A69-7FBC73807093}.Release|Any CPU.ActiveCfg = Release|Any CPU
		{9950622B-D4C8-4B45-9A69-7FBC73807093}.Release|Any CPU.Build.0 = Release|Any CPU
		{433FEE88-F828-47AD-8EEE-6A311F1BA911}.Debug|Any CPU.ActiveCfg = Debug|Any CPU
		{433FEE88-F828-47AD-8EEE-6A311F1BA911}.Debug|Any CPU.Build.0 = Debug|Any CPU
		{433FEE88-F828-47AD-8EEE-6A311F1BA911}.Release|Any CPU.ActiveCfg = Release|Any CPU
		{433FEE88-F828-47AD-8EEE-6A311F1BA911}.Release|Any CPU.Build.0 = Release|Any CPU
		{8BCECB32-1033-4D47-B60B-16FED3C4091A}.Debug|Any CPU.ActiveCfg = Debug|Any CPU
		{8BCECB32-1033-4D47-B60B-16FED3C4091A}.Debug|Any CPU.Build.0 = Debug|Any CPU
		{8BCECB32-1033-4D47-B60B-16FED3C4091A}.Release|Any CPU.ActiveCfg = Release|Any CPU
		{8BCECB32-1033-4D47-B60B-16FED3C4091A}.Release|Any CPU.Build.0 = Release|Any CPU
	EndGlobalSection
	GlobalSection(SolutionProperties) = preSolution
		HideSolutionNode = FALSE
	EndGlobalSection
	GlobalSection(ExtensibilityGlobals) = postSolution
		SolutionGuid = {B8189FB7-5D4D-4AC6-B5D4-98A49BAD447A}
	EndGlobalSection
EndGlobal
