
Microsoft Visual Studio Solution File, Format Version 12.00
# Visual Studio Version 17
VisualStudioVersion = 17.5.33516.290
MinimumVisualStudioVersion = 10.0.40219.1
Project("{FAE04EC0-301F-11D3-BF4B-00C04F79EFBC}") = "Obligatorio DA1", "Obligatorio DA1.csproj", "{DAA78854-CFB9-4847-972C-59C737D01241}"
EndProject
Project("{FAE04EC0-301F-11D3-BF4B-00C04F79EFBC}") = "BusinessLogic", "..\BusinessLogic\BusinessLogic.csproj", "{5807FDC2-139E-4AD2-97D6-0EE8DFCABB8F}"
EndProject
Project("{FAE04EC0-301F-11D3-BF4B-00C04F79EFBC}") = "BusinessLogic_Tests", "..\BusinessLogic_Tests\BusinessLogic_Tests.csproj", "{B6C02D8B-D361-4254-A098-659B80E9C9B0}"
EndProject
Project("{FAE04EC0-301F-11D3-BF4B-00C04F79EFBC}") = "UI", "..\UI\UI.csproj", "{9E1E9473-EAC0-4572-BAEB-F5C74A62F5A4}"
EndProject
Global
	GlobalSection(SolutionConfigurationPlatforms) = preSolution
		Debug|Any CPU = Debug|Any CPU
		Release|Any CPU = Release|Any CPU
	EndGlobalSection
	GlobalSection(ProjectConfigurationPlatforms) = postSolution
		{DAA78854-CFB9-4847-972C-59C737D01241}.Debug|Any CPU.ActiveCfg = Debug|Any CPU
		{DAA78854-CFB9-4847-972C-59C737D01241}.Debug|Any CPU.Build.0 = Debug|Any CPU
		{DAA78854-CFB9-4847-972C-59C737D01241}.Release|Any CPU.ActiveCfg = Release|Any CPU
		{DAA78854-CFB9-4847-972C-59C737D01241}.Release|Any CPU.Build.0 = Release|Any CPU
		{5807FDC2-139E-4AD2-97D6-0EE8DFCABB8F}.Debug|Any CPU.ActiveCfg = Debug|Any CPU
		{5807FDC2-139E-4AD2-97D6-0EE8DFCABB8F}.Debug|Any CPU.Build.0 = Debug|Any CPU
		{5807FDC2-139E-4AD2-97D6-0EE8DFCABB8F}.Release|Any CPU.ActiveCfg = Release|Any CPU
		{5807FDC2-139E-4AD2-97D6-0EE8DFCABB8F}.Release|Any CPU.Build.0 = Release|Any CPU
		{B6C02D8B-D361-4254-A098-659B80E9C9B0}.Debug|Any CPU.ActiveCfg = Debug|Any CPU
		{B6C02D8B-D361-4254-A098-659B80E9C9B0}.Debug|Any CPU.Build.0 = Debug|Any CPU
		{B6C02D8B-D361-4254-A098-659B80E9C9B0}.Release|Any CPU.ActiveCfg = Release|Any CPU
		{B6C02D8B-D361-4254-A098-659B80E9C9B0}.Release|Any CPU.Build.0 = Release|Any CPU
		{9E1E9473-EAC0-4572-BAEB-F5C74A62F5A4}.Debug|Any CPU.ActiveCfg = Debug|Any CPU
		{9E1E9473-EAC0-4572-BAEB-F5C74A62F5A4}.Debug|Any CPU.Build.0 = Debug|Any CPU
		{9E1E9473-EAC0-4572-BAEB-F5C74A62F5A4}.Release|Any CPU.ActiveCfg = Release|Any CPU
		{9E1E9473-EAC0-4572-BAEB-F5C74A62F5A4}.Release|Any CPU.Build.0 = Release|Any CPU
	EndGlobalSection
	GlobalSection(SolutionProperties) = preSolution
		HideSolutionNode = FALSE
	EndGlobalSection
	GlobalSection(ExtensibilityGlobals) = postSolution
		SolutionGuid = {B8189FB7-5D4D-4AC6-B5D4-98A49BAD447A}
	EndGlobalSection
EndGlobal
